
Microsoft Visual Studio Solution File, Format Version 12.00
# Visual Studio Version 16
VisualStudioVersion = 16.0.31005.135
MinimumVisualStudioVersion = 10.0.40219.1
Project("{9A19103F-16F7-4668-BE54-9A1E7A4F7556}") = "BlazorWASM_SignalR.Server", "Server\BlazorWASM_SignalR.Server.csproj", "{2B1A9118-31CF-47A7-AB40-E8EAC8D5D7D5}"
EndProject
Project("{9A19103F-16F7-4668-BE54-9A1E7A4F7556}") = "BlazorWASM_SignalR.Client", "Client\BlazorWASM_SignalR.Client.csproj", "{3CB35DC4-58C6-4A56-868B-C064AB35F386}"
EndProject
Project("{9A19103F-16F7-4668-BE54-9A1E7A4F7556}") = "BlazorWASM_SignalR.Shared", "Shared\BlazorWASM_SignalR.Shared.csproj", "{AEE58160-B6A3-46C1-9269-C3F6F966A25D}"
EndProject
Global
	GlobalSection(SolutionConfigurationPlatforms) = preSolution
		Debug|Any CPU = Debug|Any CPU
		Release|Any CPU = Release|Any CPU
	EndGlobalSection
	GlobalSection(ProjectConfigurationPlatforms) = postSolution
		{2B1A9118-31CF-47A7-AB40-E8EAC8D5D7D5}.Debug|Any CPU.ActiveCfg = Debug|Any CPU
		{2B1A9118-31CF-47A7-AB40-E8EAC8D5D7D5}.Debug|Any CPU.Build.0 = Debug|Any CPU
		{2B1A9118-31CF-47A7-AB40-E8EAC8D5D7D5}.Release|Any CPU.ActiveCfg = Release|Any CPU
		{2B1A9118-31CF-47A7-AB40-E8EAC8D5D7D5}.Release|Any CPU.Build.0 = Release|Any CPU
		{3CB35DC4-58C6-4A56-868B-C064AB35F386}.Debug|Any CPU.ActiveCfg = Debug|Any CPU
		{3CB35DC4-58C6-4A56-868B-C064AB35F386}.Debug|Any CPU.Build.0 = Debug|Any CPU
		{3CB35DC4-58C6-4A56-868B-C064AB35F386}.Release|Any CPU.ActiveCfg = Release|Any CPU
		{3CB35DC4-58C6-4A56-868B-C064AB35F386}.Release|Any CPU.Build.0 = Release|Any CPU
		{AEE58160-B6A3-46C1-9269-C3F6F966A25D}.Debug|Any CPU.ActiveCfg = Debug|Any CPU
		{AEE58160-B6A3-46C1-9269-C3F6F966A25D}.Debug|Any CPU.Build.0 = Debug|Any CPU
		{AEE58160-B6A3-46C1-9269-C3F6F966A25D}.Release|Any CPU.ActiveCfg = Release|Any CPU
		{AEE58160-B6A3-46C1-9269-C3F6F966A25D}.Release|Any CPU.Build.0 = Release|Any CPU
	EndGlobalSection
	GlobalSection(SolutionProperties) = preSolution
		HideSolutionNode = FALSE
	EndGlobalSection
	GlobalSection(ExtensibilityGlobals) = postSolution
		SolutionGuid = {99FC297F-2862-410B-8E2D-48FBC2A33F1C}
	EndGlobalSection
EndGlobal
